
Microsoft Visual Studio Solution File, Format Version 12.00
# Visual Studio Version 17
VisualStudioVersion = 17.5.33516.290
MinimumVisualStudioVersion = 10.0.40219.1
Project("{9A19103F-16F7-4668-BE54-9A1E7A4F7556}") = "webapiclient", "webapiclient.csproj", "{2CB6A3D0-84A3-40A0-92C5-A3CE916A4455}"
EndProject
Global
	GlobalSection(SolutionConfigurationPlatforms) = preSolution
		Debug|Any CPU = Debug|Any CPU
		Release|Any CPU = Release|Any CPU
	EndGlobalSection
	GlobalSection(ProjectConfigurationPlatforms) = postSolution
		{2CB6A3D0-84A3-40A0-92C5-A3CE916A4455}.Debug|Any CPU.ActiveCfg = Debug|Any CPU
		{2CB6A3D0-84A3-40A0-92C5-A3CE916A4455}.Debug|Any CPU.Build.0 = Debug|Any CPU
		{2CB6A3D0-84A3-40A0-92C5-A3CE916A4455}.Release|Any CPU.ActiveCfg = Release|Any CPU
		{2CB6A3D0-84A3-40A0-92C5-A3CE916A4455}.Release|Any CPU.Build.0 = Release|Any CPU
	EndGlobalSection
	GlobalSection(SolutionProperties) = preSolution
		HideSolutionNode = FALSE
	EndGlobalSection
	GlobalSection(ExtensibilityGlobals) = postSolution
		SolutionGuid = {92327D0D-40C6-4F5A-BB68-D65F4D30B5DB}
	EndGlobalSection
EndGlobal
